
Microsoft Visual Studio Solution File, Format Version 12.00
# Visual Studio Version 17
VisualStudioVersion = 17.1.32421.90
MinimumVisualStudioVersion = 10.0.40219.1
Project("{FAE04EC0-301F-11D3-BF4B-00C04F79EFBC}") = "WebAppServer1", "WebAppServer1\WebAppServer1.csproj", "{8591E17B-3393-4EFA-A95B-AE6AE0776DF3}"
EndProject
Global
	GlobalSection(SolutionConfigurationPlatforms) = preSolution
		Debug|Any CPU = Debug|Any CPU
		Release|Any CPU = Release|Any CPU
	EndGlobalSection
	GlobalSection(ProjectConfigurationPlatforms) = postSolution
		{8591E17B-3393-4EFA-A95B-AE6AE0776DF3}.Debug|Any CPU.ActiveCfg = Debug|Any CPU
		{8591E17B-3393-4EFA-A95B-AE6AE0776DF3}.Debug|Any CPU.Build.0 = Debug|Any CPU
		{8591E17B-3393-4EFA-A95B-AE6AE0776DF3}.Release|Any CPU.ActiveCfg = Release|Any CPU
		{8591E17B-3393-4EFA-A95B-AE6AE0776DF3}.Release|Any CPU.Build.0 = Release|Any CPU
	EndGlobalSection
	GlobalSection(SolutionProperties) = preSolution
		HideSolutionNode = FALSE
	EndGlobalSection
	GlobalSection(ExtensibilityGlobals) = postSolution
		SolutionGuid = {F9C4857E-17FE-4CD4-92FC-D74C0AB1C32C}
	EndGlobalSection
EndGlobal
